
Microsoft Visual Studio Solution File, Format Version 12.00
# Visual Studio Version 16
VisualStudioVersion = 16.0.31424.327
MinimumVisualStudioVersion = 10.0.40219.1
Project("{FAE04EC0-301F-11D3-BF4B-00C04F79EFBC}") = "Data.HarbiLoto", "Data.HarbiLoto\Data.HarbiLoto.csproj", "{3689FCC2-298E-4DCF-BC1B-1AA2C94CEFBB}"
EndProject
Project("{FAE04EC0-301F-11D3-BF4B-00C04F79EFBC}") = "UI.HarbiLoto", "UI.HarbiLoto\UI.HarbiLoto.csproj", "{CCF3DDD1-22E5-4B4C-9A71-924E145CBC1B}"
EndProject
Global
	GlobalSection(SolutionConfigurationPlatforms) = preSolution
		Debug|Any CPU = Debug|Any CPU
		Release|Any CPU = Release|Any CPU
	EndGlobalSection
	GlobalSection(ProjectConfigurationPlatforms) = postSolution
		{3689FCC2-298E-4DCF-BC1B-1AA2C94CEFBB}.Debug|Any CPU.ActiveCfg = Debug|Any CPU
		{3689FCC2-298E-4DCF-BC1B-1AA2C94CEFBB}.Debug|Any CPU.Build.0 = Debug|Any CPU
		{3689FCC2-298E-4DCF-BC1B-1AA2C94CEFBB}.Release|Any CPU.ActiveCfg = Release|Any CPU
		{3689FCC2-298E-4DCF-BC1B-1AA2C94CEFBB}.Release|Any CPU.Build.0 = Release|Any CPU
		{CCF3DDD1-22E5-4B4C-9A71-924E145CBC1B}.Debug|Any CPU.ActiveCfg = Debug|Any CPU
		{CCF3DDD1-22E5-4B4C-9A71-924E145CBC1B}.Debug|Any CPU.Build.0 = Debug|Any CPU
		{CCF3DDD1-22E5-4B4C-9A71-924E145CBC1B}.Release|Any CPU.ActiveCfg = Release|Any CPU
		{CCF3DDD1-22E5-4B4C-9A71-924E145CBC1B}.Release|Any CPU.Build.0 = Release|Any CPU
	EndGlobalSection
	GlobalSection(SolutionProperties) = preSolution
		HideSolutionNode = FALSE
	EndGlobalSection
	GlobalSection(ExtensibilityGlobals) = postSolution
		SolutionGuid = {16332F71-A76F-497D-B4FA-1A1FF431C3D6}
	EndGlobalSection
EndGlobal
